
Microsoft Visual Studio Solution File, Format Version 12.00
# Visual Studio Version 16
VisualStudioVersion = 16.0.31702.278
MinimumVisualStudioVersion = 10.0.40219.1
Project("{9A19103F-16F7-4668-BE54-9A1E7A4F7556}") = "UpdateDBDaily", "UpdateDBDaily.csproj", "{02B47A89-1F5F-4F68-875B-8A30F5D5E381}"
EndProject
Global
	GlobalSection(SolutionConfigurationPlatforms) = preSolution
		Debug|Any CPU = Debug|Any CPU
		Release|Any CPU = Release|Any CPU
	EndGlobalSection
	GlobalSection(ProjectConfigurationPlatforms) = postSolution
		{02B47A89-1F5F-4F68-875B-8A30F5D5E381}.Debug|Any CPU.ActiveCfg = Debug|Any CPU
		{02B47A89-1F5F-4F68-875B-8A30F5D5E381}.Debug|Any CPU.Build.0 = Debug|Any CPU
		{02B47A89-1F5F-4F68-875B-8A30F5D5E381}.Release|Any CPU.ActiveCfg = Release|Any CPU
		{02B47A89-1F5F-4F68-875B-8A30F5D5E381}.Release|Any CPU.Build.0 = Release|Any CPU
	EndGlobalSection
	GlobalSection(SolutionProperties) = preSolution
		HideSolutionNode = FALSE
	EndGlobalSection
	GlobalSection(ExtensibilityGlobals) = postSolution
		SolutionGuid = {6E817CFF-AE6F-4C45-BC31-3D99676A00B6}
	EndGlobalSection
EndGlobal
